
Microsoft Visual Studio Solution File, Format Version 12.00
# Visual Studio 15
Project("{FAE04EC0-301F-11D3-BF4B-00C04F79EFBC}") = "Assembly-CSharp", "Assembly-CSharp.csproj", "{B92B843E-B565-AADD-FDBA-781A1872598B}"
EndProject
Project("{FAE04EC0-301F-11D3-BF4B-00C04F79EFBC}") = "Assembly-CSharp-Editor", "Assembly-CSharp-Editor.csproj", "{900DF7FC-FC1C-E44F-82BF-D97185B9AF80}"
EndProject
Global
	GlobalSection(SolutionConfigurationPlatforms) = preSolution
		Debug|Any CPU = Debug|Any CPU
		Release|Any CPU = Release|Any CPU
	EndGlobalSection
	GlobalSection(ProjectConfigurationPlatforms) = postSolution
		{B92B843E-B565-AADD-FDBA-781A1872598B}.Debug|Any CPU.ActiveCfg = Debug|Any CPU
		{B92B843E-B565-AADD-FDBA-781A1872598B}.Debug|Any CPU.Build.0 = Debug|Any CPU
		{B92B843E-B565-AADD-FDBA-781A1872598B}.Release|Any CPU.ActiveCfg = Release|Any CPU
		{B92B843E-B565-AADD-FDBA-781A1872598B}.Release|Any CPU.Build.0 = Release|Any CPU
		{900DF7FC-FC1C-E44F-82BF-D97185B9AF80}.Debug|Any CPU.ActiveCfg = Debug|Any CPU
		{900DF7FC-FC1C-E44F-82BF-D97185B9AF80}.Debug|Any CPU.Build.0 = Debug|Any CPU
		{900DF7FC-FC1C-E44F-82BF-D97185B9AF80}.Release|Any CPU.ActiveCfg = Release|Any CPU
		{900DF7FC-FC1C-E44F-82BF-D97185B9AF80}.Release|Any CPU.Build.0 = Release|Any CPU
	EndGlobalSection
	GlobalSection(SolutionProperties) = preSolution
		HideSolutionNode = FALSE
	EndGlobalSection
EndGlobal
